
Microsoft Visual Studio Solution File, Format Version 12.00
# Visual Studio 15
Project("{FAE04EC0-301F-11D3-BF4B-00C04F79EFBC}") = "Assembly-CSharp-firstpass", "Assembly-CSharp-firstpass.csproj", "{5A4D0D57-7E9C-BFDE-9F4C-0CCFAC67910B}"
EndProject
Project("{FAE04EC0-301F-11D3-BF4B-00C04F79EFBC}") = "Assembly-CSharp", "Assembly-CSharp.csproj", "{4634DBCE-C00D-07F6-C5C8-1AAF49967F57}"
EndProject
Project("{FAE04EC0-301F-11D3-BF4B-00C04F79EFBC}") = "Assembly-CSharp-Editor-firstpass", "Assembly-CSharp-Editor-firstpass.csproj", "{5F18A102-58AC-82C1-4F75-65C12774CADC}"
EndProject
Global
	GlobalSection(SolutionConfigurationPlatforms) = preSolution
		Debug|Any CPU = Debug|Any CPU
		Release|Any CPU = Release|Any CPU
	EndGlobalSection
	GlobalSection(ProjectConfigurationPlatforms) = postSolution
		{5A4D0D57-7E9C-BFDE-9F4C-0CCFAC67910B}.Debug|Any CPU.ActiveCfg = Debug|Any CPU
		{5A4D0D57-7E9C-BFDE-9F4C-0CCFAC67910B}.Debug|Any CPU.Build.0 = Debug|Any CPU
		{5A4D0D57-7E9C-BFDE-9F4C-0CCFAC67910B}.Release|Any CPU.ActiveCfg = Release|Any CPU
		{5A4D0D57-7E9C-BFDE-9F4C-0CCFAC67910B}.Release|Any CPU.Build.0 = Release|Any CPU
		{4634DBCE-C00D-07F6-C5C8-1AAF49967F57}.Debug|Any CPU.ActiveCfg = Debug|Any CPU
		{4634DBCE-C00D-07F6-C5C8-1AAF49967F57}.Debug|Any CPU.Build.0 = Debug|Any CPU
		{4634DBCE-C00D-07F6-C5C8-1AAF49967F57}.Release|Any CPU.ActiveCfg = Release|Any CPU
		{4634DBCE-C00D-07F6-C5C8-1AAF49967F57}.Release|Any CPU.Build.0 = Release|Any CPU
		{5F18A102-58AC-82C1-4F75-65C12774CADC}.Debug|Any CPU.ActiveCfg = Debug|Any CPU
		{5F18A102-58AC-82C1-4F75-65C12774CADC}.Debug|Any CPU.Build.0 = Debug|Any CPU
		{5F18A102-58AC-82C1-4F75-65C12774CADC}.Release|Any CPU.ActiveCfg = Release|Any CPU
		{5F18A102-58AC-82C1-4F75-65C12774CADC}.Release|Any CPU.Build.0 = Release|Any CPU
	EndGlobalSection
	GlobalSection(SolutionProperties) = preSolution
		HideSolutionNode = FALSE
	EndGlobalSection
EndGlobal
